
Microsoft Visual Studio Solution File, Format Version 12.00
# Visual Studio Version 17
VisualStudioVersion = 17.7.34221.43
MinimumVisualStudioVersion = 10.0.40219.1
Project("{FAE04EC0-301F-11D3-BF4B-00C04F79EFBC}") = "Car", "Car.csproj", "{5EA875FD-EAB2-48E2-8704-043EC8C84F70}"
EndProject
Global
	GlobalSection(SolutionConfigurationPlatforms) = preSolution
		Debug|Any CPU = Debug|Any CPU
		Release|Any CPU = Release|Any CPU
	EndGlobalSection
	GlobalSection(ProjectConfigurationPlatforms) = postSolution
		{5EA875FD-EAB2-48E2-8704-043EC8C84F70}.Debug|Any CPU.ActiveCfg = Debug|Any CPU
		{5EA875FD-EAB2-48E2-8704-043EC8C84F70}.Debug|Any CPU.Build.0 = Debug|Any CPU
		{5EA875FD-EAB2-48E2-8704-043EC8C84F70}.Release|Any CPU.ActiveCfg = Release|Any CPU
		{5EA875FD-EAB2-48E2-8704-043EC8C84F70}.Release|Any CPU.Build.0 = Release|Any CPU
	EndGlobalSection
	GlobalSection(SolutionProperties) = preSolution
		HideSolutionNode = FALSE
	EndGlobalSection
	GlobalSection(ExtensibilityGlobals) = postSolution
		SolutionGuid = {BA4DE586-69C1-423C-AC8B-BE3FAF99F30B}
	EndGlobalSection
EndGlobal
